
Microsoft Visual Studio Solution File, Format Version 12.00
# Visual Studio Version 17
VisualStudioVersion = 17.5.33414.496
MinimumVisualStudioVersion = 10.0.40219.1
Project("{FAE04EC0-301F-11D3-BF4B-00C04F79EFBC}") = "weather", "weather\weather.csproj", "{6157D114-1C7F-4747-8EBC-0798A778665A}"
EndProject
Global
	GlobalSection(SolutionConfigurationPlatforms) = preSolution
		Debug|Any CPU = Debug|Any CPU
		Release|Any CPU = Release|Any CPU
	EndGlobalSection
	GlobalSection(ProjectConfigurationPlatforms) = postSolution
		{6157D114-1C7F-4747-8EBC-0798A778665A}.Debug|Any CPU.ActiveCfg = Debug|Any CPU
		{6157D114-1C7F-4747-8EBC-0798A778665A}.Debug|Any CPU.Build.0 = Debug|Any CPU
		{6157D114-1C7F-4747-8EBC-0798A778665A}.Release|Any CPU.ActiveCfg = Release|Any CPU
		{6157D114-1C7F-4747-8EBC-0798A778665A}.Release|Any CPU.Build.0 = Release|Any CPU
	EndGlobalSection
	GlobalSection(SolutionProperties) = preSolution
		HideSolutionNode = FALSE
	EndGlobalSection
	GlobalSection(ExtensibilityGlobals) = postSolution
		SolutionGuid = {A3583391-B845-41B8-A730-CD7BA9FCCFC4}
	EndGlobalSection
EndGlobal
